// !$*UTF8*$!
{
	archiveVersion = 1;
	classes = {
	};
	objectVersion = 46;
	objects = {

/* Begin PBXBuildFile section */
		4114F9901C72F9C100C2B0C5 /* ArticleTableViewCell.swift in Sources */ = {isa = PBXBuildFile; fileRef = 4114F98F1C72F9C100C2B0C5 /* ArticleTableViewCell.swift */; };
		41D9BF261C7417C700F8AFD4 /* TableViewController.swift in Sources */ = {isa = PBXBuildFile; fileRef = 41D9BF241C7417C700F8AFD4 /* TableViewController.swift */; };
		41D9BF271C7417C700F8AFD4 /* TableViewController.xib in Resources */ = {isa = PBXBuildFile; fileRef = 41D9BF251C7417C700F8AFD4 /* TableViewController.xib */; };
		41E86BD71C6C72DA00C046C8 /* AppDelegate.swift in Sources */ = {isa = PBXBuildFile; fileRef = 41E86BD61C6C72DA00C046C8 /* AppDelegate.swift */; };
		41E86BD91C6C72DA00C046C8 /* ViewController.swift in Sources */ = {isa = PBXBuildFile; fileRef = 41E86BD81C6C72DA00C046C8 /* ViewController.swift */; };
		41E86BDC1C6C72DA00C046C8 /* Main.storyboard in Resources */ = {isa = PBXBuildFile; fileRef = 41E86BDA1C6C72DA00C046C8 /* Main.storyboard */; };
		41E86BDE1C6C72DA00C046C8 /* Images.xcassets in Resources */ = {isa = PBXBuildFile; fileRef = 41E86BDD1C6C72DA00C046C8 /* Images.xcassets */; };
		41E86BE11C6C72DA00C046C8 /* LaunchScreen.xib in Resources */ = {isa = PBXBuildFile; fileRef = 41E86BDF1C6C72DA00C046C8 /* LaunchScreen.xib */; };
		866B4F1A1C87680C00C8AE90 /* webViewLink.swift in Sources */ = {isa = PBXBuildFile; fileRef = 866B4F191C87680C00C8AE90 /* webViewLink.swift */; };
		866EE9C11C8E082E005798F6 /* CFNetwork.framework in Frameworks */ = {isa = PBXBuildFile; fileRef = 866EE9C01C8E082E005798F6 /* CFNetwork.framework */; };
		866EE9C31C8E0837005798F6 /* SystemConfiguration.framework in Frameworks */ = {isa = PBXBuildFile; fileRef = 866EE9C21C8E0837005798F6 /* SystemConfiguration.framework */; };
		866EE9C51C8E0840005798F6 /* Security.framework in Frameworks */ = {isa = PBXBuildFile; fileRef = 866EE9C41C8E0840005798F6 /* Security.framework */; };
		866EE9C71C8E084B005798F6 /* libc++.tbd in Frameworks */ = {isa = PBXBuildFile; fileRef = 866EE9C61C8E084B005798F6 /* libc++.tbd */; };
		866EE9C91C8E0854005798F6 /* libicucore.tbd in Frameworks */ = {isa = PBXBuildFile; fileRef = 866EE9C81C8E0854005798F6 /* libicucore.tbd */; };
		866EE9CB1C8E0861005798F6 /* Foundation.framework in Frameworks */ = {isa = PBXBuildFile; fileRef = 866EE9CA1C8E0861005798F6 /* Foundation.framework */; };
		91CDB29D6D55A0BC7A12E8E0 /* libPods-MathNews.a in Frameworks */ = {isa = PBXBuildFile; fileRef = C1998C0D63A979ED9CEFC135 /* libPods-MathNews.a */; };
/* End PBXBuildFile section */

/* Begin PBXContainerItemProxy section */
		410FEA441C916E0C008FC836 /* PBXContainerItemProxy */ = {
			isa = PBXContainerItemProxy;
			containerPortal = 41E86BC91C6C72DA00C046C8 /* Project object */;
			proxyType = 1;
			remoteGlobalIDString = 41E86BE51C6C72DA00C046C8;
			remoteInfo = MathNewsTests;
		};
		41E86BE71C6C72DA00C046C8 /* PBXContainerItemProxy */ = {
			isa = PBXContainerItemProxy;
			containerPortal = 41E86BC91C6C72DA00C046C8 /* Project object */;
			proxyType = 1;
			remoteGlobalIDString = 41E86BD01C6C72DA00C046C8;
			remoteInfo = MathNews;
		};
/* End PBXContainerItemProxy section */

/* Begin PBXFileReference section */
		4114F98F1C72F9C100C2B0C5 /* ArticleTableViewCell.swift */ = {isa = PBXFileReference; fileEncoding = 4; lastKnownFileType = sourcecode.swift; path = ArticleTableViewCell.swift; sourceTree = "<group>"; };
		41D9BF241C7417C700F8AFD4 /* TableViewController.swift */ = {isa = PBXFileReference; fileEncoding = 4; lastKnownFileType = sourcecode.swift; path = TableViewController.swift; sourceTree = "<group>"; };
		41D9BF251C7417C700F8AFD4 /* TableViewController.xib */ = {isa = PBXFileReference; fileEncoding = 4; lastKnownFileType = file.xib; path = TableViewController.xib; sourceTree = "<group>"; };
		41E86BD11C6C72DA00C046C8 /* MathNews.app */ = {isa = PBXFileReference; explicitFileType = wrapper.application; includeInIndex = 0; path = MathNews.app; sourceTree = BUILT_PRODUCTS_DIR; };
		41E86BD51C6C72DA00C046C8 /* Info.plist */ = {isa = PBXFileReference; lastKnownFileType = text.plist.xml; path = Info.plist; sourceTree = "<group>"; };
		41E86BD61C6C72DA00C046C8 /* AppDelegate.swift */ = {isa = PBXFileReference; lastKnownFileType = sourcecode.swift; path = AppDelegate.swift; sourceTree = "<group>"; };
		41E86BD81C6C72DA00C046C8 /* ViewController.swift */ = {isa = PBXFileReference; lastKnownFileType = sourcecode.swift; path = ViewController.swift; sourceTree = "<group>"; };
		41E86BDB1C6C72DA00C046C8 /* Base */ = {isa = PBXFileReference; lastKnownFileType = file.storyboard; name = Base; path = Base.lproj/Main.storyboard; sourceTree = "<group>"; };
		41E86BDD1C6C72DA00C046C8 /* Images.xcassets */ = {isa = PBXFileReference; lastKnownFileType = folder.assetcatalog; path = Images.xcassets; sourceTree = "<group>"; };
		41E86BE01C6C72DA00C046C8 /* Base */ = {isa = PBXFileReference; lastKnownFileType = file.xib; name = Base; path = Base.lproj/LaunchScreen.xib; sourceTree = "<group>"; };
		41E86BE61C6C72DA00C046C8 /* MathNewsTests.xctest */ = {isa = PBXFileReference; explicitFileType = wrapper.cfbundle; includeInIndex = 0; path = MathNewsTests.xctest; sourceTree = BUILT_PRODUCTS_DIR; };
		41E86BEB1C6C72DA00C046C8 /* Info.plist */ = {isa = PBXFileReference; lastKnownFileType = text.plist.xml; path = Info.plist; sourceTree = "<group>"; };
		41E86BEC1C6C72DA00C046C8 /* MathNewsTests.swift */ = {isa = PBXFileReference; lastKnownFileType = sourcecode.swift; path = MathNewsTests.swift; sourceTree = "<group>"; };
		866B4F191C87680C00C8AE90 /* webViewLink.swift */ = {isa = PBXFileReference; fileEncoding = 4; lastKnownFileType = sourcecode.swift; path = webViewLink.swift; sourceTree = "<group>"; };
		866EE9C01C8E082E005798F6 /* CFNetwork.framework */ = {isa = PBXFileReference; lastKnownFileType = wrapper.framework; name = CFNetwork.framework; path = System/Library/Frameworks/CFNetwork.framework; sourceTree = SDKROOT; };
		866EE9C21C8E0837005798F6 /* SystemConfiguration.framework */ = {isa = PBXFileReference; lastKnownFileType = wrapper.framework; name = SystemConfiguration.framework; path = System/Library/Frameworks/SystemConfiguration.framework; sourceTree = SDKROOT; };
		866EE9C41C8E0840005798F6 /* Security.framework */ = {isa = PBXFileReference; lastKnownFileType = wrapper.framework; name = Security.framework; path = System/Library/Frameworks/Security.framework; sourceTree = SDKROOT; };
		866EE9C61C8E084B005798F6 /* libc++.tbd */ = {isa = PBXFileReference; lastKnownFileType = "sourcecode.text-based-dylib-definition"; name = "libc++.tbd"; path = "usr/lib/libc++.tbd"; sourceTree = SDKROOT; };
		866EE9C81C8E0854005798F6 /* libicucore.tbd */ = {isa = PBXFileReference; lastKnownFileType = "sourcecode.text-based-dylib-definition"; name = libicucore.tbd; path = usr/lib/libicucore.tbd; sourceTree = SDKROOT; };
		866EE9CA1C8E0861005798F6 /* Foundation.framework */ = {isa = PBXFileReference; lastKnownFileType = wrapper.framework; name = Foundation.framework; path = System/Library/Frameworks/Foundation.framework; sourceTree = SDKROOT; };
		9DE8E59E5B1C5A2081EC0936 /* Pods-MathNews.debug.xcconfig */ = {isa = PBXFileReference; includeInIndex = 1; lastKnownFileType = text.xcconfig; name = "Pods-MathNews.debug.xcconfig"; path = "Pods/Target Support Files/Pods-MathNews/Pods-MathNews.debug.xcconfig"; sourceTree = "<group>"; };
		B0F9F677F1EA2631D695B815 /* Pods-MathNews.release.xcconfig */ = {isa = PBXFileReference; includeInIndex = 1; lastKnownFileType = text.xcconfig; name = "Pods-MathNews.release.xcconfig"; path = "Pods/Target Support Files/Pods-MathNews/Pods-MathNews.release.xcconfig"; sourceTree = "<group>"; };
		C1998C0D63A979ED9CEFC135 /* libPods-MathNews.a */ = {isa = PBXFileReference; explicitFileType = archive.ar; includeInIndex = 0; path = "libPods-MathNews.a"; sourceTree = BUILT_PRODUCTS_DIR; };
/* End PBXFileReference section */

/* Begin PBXFrameworksBuildPhase section */
		41E86BCE1C6C72DA00C046C8 /* Frameworks */ = {
			isa = PBXFrameworksBuildPhase;
			buildActionMask = 2147483647;
			files = (
				866EE9C91C8E0854005798F6 /* libicucore.tbd in Frameworks */,
				866EE9C71C8E084B005798F6 /* libc++.tbd in Frameworks */,
				866EE9CB1C8E0861005798F6 /* Foundation.framework in Frameworks */,
				866EE9C51C8E0840005798F6 /* Security.framework in Frameworks */,
				866EE9C31C8E0837005798F6 /* SystemConfiguration.framework in Frameworks */,
				866EE9C11C8E082E005798F6 /* CFNetwork.framework in Frameworks */,
				91CDB29D6D55A0BC7A12E8E0 /* libPods-MathNews.a in Frameworks */,
			);
			runOnlyForDeploymentPostprocessing = 0;
		};
		41E86BE31C6C72DA00C046C8 /* Frameworks */ = {
			isa = PBXFrameworksBuildPhase;
			buildActionMask = 2147483647;
			files = (
			);
			runOnlyForDeploymentPostprocessing = 0;
		};
/* End PBXFrameworksBuildPhase section */

/* Begin PBXGroup section */
		2E88F461C8D897EC163CCF14 /* Frameworks */ = {
			isa = PBXGroup;
			children = (
				866EE9CA1C8E0861005798F6 /* Foundation.framework */,
				866EE9C81C8E0854005798F6 /* libicucore.tbd */,
				866EE9C61C8E084B005798F6 /* libc++.tbd */,
				866EE9C41C8E0840005798F6 /* Security.framework */,
				866EE9C21C8E0837005798F6 /* SystemConfiguration.framework */,
				866EE9C01C8E082E005798F6 /* CFNetwork.framework */,
				C1998C0D63A979ED9CEFC135 /* libPods-MathNews.a */,
			);
			name = Frameworks;
			sourceTree = "<group>";
		};
		41E86BC81C6C72DA00C046C8 = {
			isa = PBXGroup;
			children = (
				41E86BD31C6C72DA00C046C8 /* MathNews */,
				41E86BE91C6C72DA00C046C8 /* MathNewsTests */,
				41E86BD21C6C72DA00C046C8 /* Products */,
				D9CCDC4F00B99435DBEFCDAD /* Pods */,
				2E88F461C8D897EC163CCF14 /* Frameworks */,
			);
			sourceTree = "<group>";
		};
		41E86BD21C6C72DA00C046C8 /* Products */ = {
			isa = PBXGroup;
			children = (
				41E86BD11C6C72DA00C046C8 /* MathNews.app */,
				41E86BE61C6C72DA00C046C8 /* MathNewsTests.xctest */,
			);
			name = Products;
			sourceTree = "<group>";
		};
		41E86BD31C6C72DA00C046C8 /* MathNews */ = {
			isa = PBXGroup;
			children = (
				41E86BD61C6C72DA00C046C8 /* AppDelegate.swift */,
				41E86BD81C6C72DA00C046C8 /* ViewController.swift */,
				41E86BDA1C6C72DA00C046C8 /* Main.storyboard */,
				866B4F191C87680C00C8AE90 /* webViewLink.swift */,
				41D9BF241C7417C700F8AFD4 /* TableViewController.swift */,
				41D9BF251C7417C700F8AFD4 /* TableViewController.xib */,
				4114F98F1C72F9C100C2B0C5 /* ArticleTableViewCell.swift */,
				41E86BDD1C6C72DA00C046C8 /* Images.xcassets */,
				41E86BDF1C6C72DA00C046C8 /* LaunchScreen.xib */,
				41E86BD41C6C72DA00C046C8 /* Supporting Files */,
			);
			path = MathNews;
			sourceTree = "<group>";
		};
		41E86BD41C6C72DA00C046C8 /* Supporting Files */ = {
			isa = PBXGroup;
			children = (
				41E86BD51C6C72DA00C046C8 /* Info.plist */,
			);
			name = "Supporting Files";
			sourceTree = "<group>";
		};
		41E86BE91C6C72DA00C046C8 /* MathNewsTests */ = {
			isa = PBXGroup;
			children = (
				41E86BEC1C6C72DA00C046C8 /* MathNewsTests.swift */,
				41E86BEA1C6C72DA00C046C8 /* Supporting Files */,
			);
			path = MathNewsTests;
			sourceTree = "<group>";
		};
		41E86BEA1C6C72DA00C046C8 /* Supporting Files */ = {
			isa = PBXGroup;
			children = (
				41E86BEB1C6C72DA00C046C8 /* Info.plist */,
			);
			name = "Supporting Files";
			sourceTree = "<group>";
		};
		D9CCDC4F00B99435DBEFCDAD /* Pods */ = {
			isa = PBXGroup;
			children = (
				9DE8E59E5B1C5A2081EC0936 /* Pods-MathNews.debug.xcconfig */,
				B0F9F677F1EA2631D695B815 /* Pods-MathNews.release.xcconfig */,
			);
			name = Pods;
			sourceTree = "<group>";
		};
/* End PBXGroup section */

/* Begin PBXNativeTarget section */
		41E86BD01C6C72DA00C046C8 /* MathNews */ = {
			isa = PBXNativeTarget;
			buildConfigurationList = 41E86BF01C6C72DA00C046C8 /* Build configuration list for PBXNativeTarget "MathNews" */;
			buildPhases = (
				B460C163DCF9317C127C02B9 /* Check Pods Manifest.lock */,
				41E86BCD1C6C72DA00C046C8 /* Sources */,
				41E86BCE1C6C72DA00C046C8 /* Frameworks */,
				41E86BCF1C6C72DA00C046C8 /* Resources */,
				5CDAE7191DAC36484AD587D9 /* Embed Pods Frameworks */,
				C3D937D265C4CB03AAF2EFEC /* Copy Pods Resources */,
			);
			buildRules = (
			);
			dependencies = (
				410FEA451C916E0C008FC836 /* PBXTargetDependency */,
			);
			name = MathNews;
			productName = MathNews;
			productReference = 41E86BD11C6C72DA00C046C8 /* MathNews.app */;
			productType = "com.apple.product-type.application";
		};
		41E86BE51C6C72DA00C046C8 /* MathNewsTests */ = {
			isa = PBXNativeTarget;
			buildConfigurationList = 41E86BF31C6C72DA00C046C8 /* Build configuration list for PBXNativeTarget "MathNewsTests" */;
			buildPhases = (
				41E86BE21C6C72DA00C046C8 /* Sources */,
				41E86BE31C6C72DA00C046C8 /* Frameworks */,
				41E86BE41C6C72DA00C046C8 /* Resources */,
			);
			buildRules = (
			);
			dependencies = (
				41E86BE81C6C72DA00C046C8 /* PBXTargetDependency */,
			);
			name = MathNewsTests;
			productName = MathNewsTests;
			productReference = 41E86BE61C6C72DA00C046C8 /* MathNewsTests.xctest */;
			productType = "com.apple.product-type.bundle.unit-test";
		};
/* End PBXNativeTarget section */

/* Begin PBXProject section */
		41E86BC91C6C72DA00C046C8 /* Project object */ = {
			isa = PBXProject;
			attributes = {
				LastSwiftUpdateCheck = 0720;
				LastUpgradeCheck = 0720;
				ORGANIZATIONNAME = cs121MathNewApp;
				TargetAttributes = {
					41E86BD01C6C72DA00C046C8 = {
						CreatedOnToolsVersion = 6.4;
						DevelopmentTeam = H46FG5794S;
					};
					41E86BE51C6C72DA00C046C8 = {
						CreatedOnToolsVersion = 6.4;
						TestTargetID = 41E86BD01C6C72DA00C046C8;
					};
				};
			};
			buildConfigurationList = 41E86BCC1C6C72DA00C046C8 /* Build configuration list for PBXProject "MathNews" */;
			compatibilityVersion = "Xcode 3.2";
			developmentRegion = English;
			hasScannedForEncodings = 0;
			knownRegions = (
				en,
				Base,
			);
			mainGroup = 41E86BC81C6C72DA00C046C8;
			productRefGroup = 41E86BD21C6C72DA00C046C8 /* Products */;
			projectDirPath = "";
			projectRoot = "";
			targets = (
				41E86BD01C6C72DA00C046C8 /* MathNews */,
				41E86BE51C6C72DA00C046C8 /* MathNewsTests */,
			);
		};
/* End PBXProject section */

/* Begin PBXResourcesBuildPhase section */
		41E86BCF1C6C72DA00C046C8 /* Resources */ = {
			isa = PBXResourcesBuildPhase;
			buildActionMask = 2147483647;
			files = (
				41E86BDC1C6C72DA00C046C8 /* Main.storyboard in Resources */,
				41E86BE11C6C72DA00C046C8 /* LaunchScreen.xib in Resources */,
				41E86BDE1C6C72DA00C046C8 /* Images.xcassets in Resources */,
				41D9BF271C7417C700F8AFD4 /* TableViewController.xib in Resources */,
			);
			runOnlyForDeploymentPostprocessing = 0;
		};
		41E86BE41C6C72DA00C046C8 /* Resources */ = {
			isa = PBXResourcesBuildPhase;
			buildActionMask = 2147483647;
			files = (
			);
			runOnlyForDeploymentPostprocessing = 0;
		};
/* End PBXResourcesBuildPhase section */

/* Begin PBXShellScriptBuildPhase section */
		5CDAE7191DAC36484AD587D9 /* Embed Pods Frameworks */ = {
			isa = PBXShellScriptBuildPhase;
			buildActionMask = 2147483647;
			files = (
			);
			inputPaths = (
			);
			name = "Embed Pods Frameworks";
			outputPaths = (
			);
			runOnlyForDeploymentPostprocessing = 0;
			shellPath = /bin/sh;
			shellScript = "\"${SRCROOT}/Pods/Target Support Files/Pods-MathNews/Pods-MathNews-frameworks.sh\"\n";
			showEnvVarsInLog = 0;
		};
		B460C163DCF9317C127C02B9 /* Check Pods Manifest.lock */ = {
			isa = PBXShellScriptBuildPhase;
			buildActionMask = 2147483647;
			files = (
			);
			inputPaths = (
			);
			name = "Check Pods Manifest.lock";
			outputPaths = (
			);
			runOnlyForDeploymentPostprocessing = 0;
			shellPath = /bin/sh;
			shellScript = "diff \"${PODS_ROOT}/../Podfile.lock\" \"${PODS_ROOT}/Manifest.lock\" > /dev/null\nif [[ $? != 0 ]] ; then\n    cat << EOM\nerror: The sandbox is not in sync with the Podfile.lock. Run 'pod install' or update your CocoaPods installation.\nEOM\n    exit 1\nfi\n";
			showEnvVarsInLog = 0;
		};
		C3D937D265C4CB03AAF2EFEC /* Copy Pods Resources */ = {
			isa = PBXShellScriptBuildPhase;
			buildActionMask = 2147483647;
			files = (
			);
			inputPaths = (
			);
			name = "Copy Pods Resources";
			outputPaths = (
			);
			runOnlyForDeploymentPostprocessing = 0;
			shellPath = /bin/sh;
			shellScript = "\"${SRCROOT}/Pods/Target Support Files/Pods-MathNews/Pods-MathNews-resources.sh\"\n";
			showEnvVarsInLog = 0;
		};
/* End PBXShellScriptBuildPhase section */

/* Begin PBXSourcesBuildPhase section */
		41E86BCD1C6C72DA00C046C8 /* Sources */ = {
			isa = PBXSourcesBuildPhase;
			buildActionMask = 2147483647;
			files = (
				866B4F1A1C87680C00C8AE90 /* webViewLink.swift in Sources */,
				41E86BD91C6C72DA00C046C8 /* ViewController.swift in Sources */,
				4114F9901C72F9C100C2B0C5 /* ArticleTableViewCell.swift in Sources */,
				41E86BD71C6C72DA00C046C8 /* AppDelegate.swift in Sources */,
				41D9BF261C7417C700F8AFD4 /* TableViewController.swift in Sources */,
			);
			runOnlyForDeploymentPostprocessing = 0;
		};
		41E86BE21C6C72DA00C046C8 /* Sources */ = {
			isa = PBXSourcesBuildPhase;
			buildActionMask = 2147483647;
			files = (
			);
			runOnlyForDeploymentPostprocessing = 0;
		};
/* End PBXSourcesBuildPhase section */

/* Begin PBXTargetDependency section */
		410FEA451C916E0C008FC836 /* PBXTargetDependency */ = {
			isa = PBXTargetDependency;
			target = 41E86BE51C6C72DA00C046C8 /* MathNewsTests */;
			targetProxy = 410FEA441C916E0C008FC836 /* PBXContainerItemProxy */;
		};
		41E86BE81C6C72DA00C046C8 /* PBXTargetDependency */ = {
			isa = PBXTargetDependency;
			target = 41E86BD01C6C72DA00C046C8 /* MathNews */;
			targetProxy = 41E86BE71C6C72DA00C046C8 /* PBXContainerItemProxy */;
		};
/* End PBXTargetDependency section */

/* Begin PBXVariantGroup section */
		41E86BDA1C6C72DA00C046C8 /* Main.storyboard */ = {
			isa = PBXVariantGroup;
			children = (
				41E86BDB1C6C72DA00C046C8 /* Base */,
			);
			name = Main.storyboard;
			sourceTree = "<group>";
		};
		41E86BDF1C6C72DA00C046C8 /* LaunchScreen.xib */ = {
			isa = PBXVariantGroup;
			children = (
				41E86BE01C6C72DA00C046C8 /* Base */,
			);
			name = LaunchScreen.xib;
			sourceTree = "<group>";
		};
/* End PBXVariantGroup section */

/* Begin XCBuildConfiguration section */
		41E86BEE1C6C72DA00C046C8 /* Debug */ = {
			isa = XCBuildConfiguration;
			buildSettings = {
				ALWAYS_SEARCH_USER_PATHS = NO;
				CLANG_CXX_LANGUAGE_STANDARD = "gnu++0x";
				CLANG_CXX_LIBRARY = "libc++";
				CLANG_ENABLE_MODULES = YES;
				CLANG_ENABLE_OBJC_ARC = YES;
				CLANG_WARN_BOOL_CONVERSION = YES;
				CLANG_WARN_CONSTANT_CONVERSION = YES;
				CLANG_WARN_DIRECT_OBJC_ISA_USAGE = YES_ERROR;
				CLANG_WARN_EMPTY_BODY = YES;
				CLANG_WARN_ENUM_CONVERSION = YES;
				CLANG_WARN_INT_CONVERSION = YES;
				CLANG_WARN_OBJC_ROOT_CLASS = YES_ERROR;
				CLANG_WARN_UNREACHABLE_CODE = YES;
				CLANG_WARN__DUPLICATE_METHOD_MATCH = YES;
				"CODE_SIGN_IDENTITY[sdk=iphoneos*]" = "iPhone Developer";
				COPY_PHASE_STRIP = NO;
				DEBUG_INFORMATION_FORMAT = "dwarf-with-dsym";
				ENABLE_STRICT_OBJC_MSGSEND = YES;
				ENABLE_TESTABILITY = YES;
				EXCLUDED_RECURSIVE_SEARCH_PATH_SUBDIRECTORIES = "*.nib *.lproj *.gch *.xcode* *.xcassets (*) .DS_Store CVS .svn .git .hg *.pbproj *.pbxproj";
				FRAMEWORK_SEARCH_PATHS = "$(SRCROOT)/**";
				GCC_C_LANGUAGE_STANDARD = gnu99;
				GCC_DYNAMIC_NO_PIC = NO;
				GCC_NO_COMMON_BLOCKS = YES;
				GCC_OPTIMIZATION_LEVEL = 0;
				GCC_PREPROCESSOR_DEFINITIONS = (
					"DEBUG=1",
					"$(inherited)",
				);
				GCC_SYMBOLS_PRIVATE_EXTERN = NO;
				GCC_WARN_64_TO_32_BIT_CONVERSION = YES;
				GCC_WARN_ABOUT_RETURN_TYPE = YES_ERROR;
				GCC_WARN_UNDECLARED_SELECTOR = YES;
				GCC_WARN_UNINITIALIZED_AUTOS = YES_AGGRESSIVE;
				GCC_WARN_UNUSED_FUNCTION = YES;
				GCC_WARN_UNUSED_VARIABLE = YES;
				IPHONEOS_DEPLOYMENT_TARGET = 9.2;
				MTL_ENABLE_DEBUG_INFO = YES;
				ONLY_ACTIVE_ARCH = YES;
				SDKROOT = iphoneos;
				SWIFT_OPTIMIZATION_LEVEL = "-Onone";
			};
			name = Debug;
		};
		41E86BEF1C6C72DA00C046C8 /* Release */ = {
			isa = XCBuildConfiguration;
			buildSettings = {
				ALWAYS_SEARCH_USER_PATHS = NO;
				CLANG_CXX_LANGUAGE_STANDARD = "gnu++0x";
				CLANG_CXX_LIBRARY = "libc++";
				CLANG_ENABLE_MODULES = YES;
				CLANG_ENABLE_OBJC_ARC = YES;
				CLANG_WARN_BOOL_CONVERSION = YES;
				CLANG_WARN_CONSTANT_CONVERSION = YES;
				CLANG_WARN_DIRECT_OBJC_ISA_USAGE = YES_ERROR;
				CLANG_WARN_EMPTY_BODY = YES;
				CLANG_WARN_ENUM_CONVERSION = YES;
				CLANG_WARN_INT_CONVERSION = YES;
				CLANG_WARN_OBJC_ROOT_CLASS = YES_ERROR;
				CLANG_WARN_UNREACHABLE_CODE = YES;
				CLANG_WARN__DUPLICATE_METHOD_MATCH = YES;
				"CODE_SIGN_IDENTITY[sdk=iphoneos*]" = "iPhone Developer";
				COPY_PHASE_STRIP = NO;
				DEBUG_INFORMATION_FORMAT = "dwarf-with-dsym";
				ENABLE_NS_ASSERTIONS = NO;
				ENABLE_STRICT_OBJC_MSGSEND = YES;
				EXCLUDED_RECURSIVE_SEARCH_PATH_SUBDIRECTORIES = "*.nib *.lproj *.gch *.xcode* *.xcassets (*) .DS_Store CVS .svn .git .hg *.pbproj *.pbxproj";
				FRAMEWORK_SEARCH_PATHS = "$(SRCROOT)/**";
				GCC_C_LANGUAGE_STANDARD = gnu99;
				GCC_NO_COMMON_BLOCKS = YES;
				GCC_WARN_64_TO_32_BIT_CONVERSION = YES;
				GCC_WARN_ABOUT_RETURN_TYPE = YES_ERROR;
				GCC_WARN_UNDECLARED_SELECTOR = YES;
				GCC_WARN_UNINITIALIZED_AUTOS = YES_AGGRESSIVE;
				GCC_WARN_UNUSED_FUNCTION = YES;
				GCC_WARN_UNUSED_VARIABLE = YES;
				IPHONEOS_DEPLOYMENT_TARGET = 9.2;
				MTL_ENABLE_DEBUG_INFO = NO;
				SDKROOT = iphoneos;
				VALIDATE_PRODUCT = YES;
			};
			name = Release;
		};
		41E86BF11C6C72DA00C046C8 /* Debug */ = {
			isa = XCBuildConfiguration;
			baseConfigurationReference = 9DE8E59E5B1C5A2081EC0936 /* Pods-MathNews.debug.xcconfig */;
			buildSettings = {
				ASSETCATALOG_COMPILER_APPICON_NAME = AppIcon;
				CODE_SIGN_IDENTITY = "iPhone Developer";
				"CODE_SIGN_IDENTITY[sdk=iphoneos*]" = "iPhone Developer";
				INFOPLIST_FILE = MathNews/Info.plist;
				IPHONEOS_DEPLOYMENT_TARGET = 9.0;
				LD_RUNPATH_SEARCH_PATHS = "$(inherited) @executable_path/Frameworks";
				PRODUCT_BUNDLE_IDENTIFIER = "cs121.$(PRODUCT_NAME:rfc1034identifier)";
				PRODUCT_NAME = "$(TARGET_NAME)";
				PROVISIONING_PROFILE = "";
				TARGETED_DEVICE_FAMILY = 1;
			};
			name = Debug;
		};
		41E86BF21C6C72DA00C046C8 /* Release */ = {
			isa = XCBuildConfiguration;
			baseConfigurationReference = B0F9F677F1EA2631D695B815 /* Pods-MathNews.release.xcconfig */;
			buildSettings = {
				ASSETCATALOG_COMPILER_APPICON_NAME = AppIcon;
				CODE_SIGN_IDENTITY = "iPhone Developer";
				"CODE_SIGN_IDENTITY[sdk=iphoneos*]" = "iPhone Developer";
				INFOPLIST_FILE = MathNews/Info.plist;
				IPHONEOS_DEPLOYMENT_TARGET = 9.0;
				LD_RUNPATH_SEARCH_PATHS = "$(inherited) @executable_path/Frameworks";
				PRODUCT_BUNDLE_IDENTIFIER = "cs121.$(PRODUCT_NAME:rfc1034identifier)";
				PRODUCT_NAME = "$(TARGET_NAME)";
				PROVISIONING_PROFILE = "";
				TARGETED_DEVICE_FAMILY = 1;
			};
			name = Release;
		};
		41E86BF41C6C72DA00C046C8 /* Debug */ = {
			isa = XCBuildConfiguration;
			buildSettings = {
				BUNDLE_LOADER = "$(TEST_HOST)";
				FRAMEWORK_SEARCH_PATHS = (
					"$(SDKROOT)/Developer/Library/Frameworks",
					"$(inherited)",
				);
				GCC_PREPROCESSOR_DEFINITIONS = (
					"DEBUG=1",
					"$(inherited)",
				);
				INFOPLIST_FILE = MathNewsTests/Info.plist;
				IPHONEOS_DEPLOYMENT_TARGET = 9.0;
				LD_RUNPATH_SEARCH_PATHS = "$(inherited) @executable_path/Frameworks @loader_path/Frameworks";
				PRODUCT_BUNDLE_IDENTIFIER = "cs121.$(PRODUCT_NAME:rfc1034identifier)";
				PRODUCT_NAME = "$(TARGET_NAME)";
				TEST_HOST = "$(BUILT_PRODUCTS_DIR)/MathNews.app/MathNews";
			};
			name = Debug;
		};
		41E86BF51C6C72DA00C046C8 /* Release */ = {
			isa = XCBuildConfiguration;
			buildSettings = {
				BUNDLE_LOADER = "$(TEST_HOST)";
				FRAMEWORK_SEARCH_PATHS = (
					"$(SDKROOT)/Developer/Library/Frameworks",
					"$(inherited)",
				);
				INFOPLIST_FILE = MathNewsTests/Info.plist;
				IPHONEOS_DEPLOYMENT_TARGET = 9.0;
				LD_RUNPATH_SEARCH_PATHS = "$(inherited) @executable_path/Frameworks @loader_path/Frameworks";
				PRODUCT_BUNDLE_IDENTIFIER = "cs121.$(PRODUCT_NAME:rfc1034identifier)";
				PRODUCT_NAME = "$(TARGET_NAME)";
				TEST_HOST = "$(BUILT_PRODUCTS_DIR)/MathNews.app/MathNews";
			};
			name = Release;
		};
/* End XCBuildConfiguration section */

/* Begin XCConfigurationList section */
		41E86BCC1C6C72DA00C046C8 /* Build configuration list for PBXProject "MathNews" */ = {
			isa = XCConfigurationList;
			buildConfigurations = (
				41E86BEE1C6C72DA00C046C8 /* Debug */,
				41E86BEF1C6C72DA00C046C8 /* Release */,
			);
			defaultConfigurationIsVisible = 0;
			defaultConfigurationName = Release;
		};
		41E86BF01C6C72DA00C046C8 /* Build configuration list for PBXNativeTarget "MathNews" */ = {
			isa = XCConfigurationList;
			buildConfigurations = (
				41E86BF11C6C72DA00C046C8 /* Debug */,
				41E86BF21C6C72DA00C046C8 /* Release */,
			);
			defaultConfigurationIsVisible = 0;
			defaultConfigurationName = Release;
		};
		41E86BF31C6C72DA00C046C8 /* Build configuration list for PBXNativeTarget "MathNewsTests" */ = {
			isa = XCConfigurationList;
			buildConfigurations = (
				41E86BF41C6C72DA00C046C8 /* Debug */,
				41E86BF51C6C72DA00C046C8 /* Release */,
			);
			defaultConfigurationIsVisible = 0;
			defaultConfigurationName = Release;
		};
/* End XCConfigurationList section */
	};
	rootObject = 41E86BC91C6C72DA00C046C8 /* Project object */;
}
